
Microsoft Visual Studio Solution File, Format Version 12.00
# Visual Studio Version 16
VisualStudioVersion = 16.0.29020.237
MinimumVisualStudioVersion = 10.0.40219.1
Project("{9A19103F-16F7-4668-BE54-9A1E7A4F7556}") = "Chama.API", "Chama.API\Chama.API.csproj", "{778E47B0-0C2F-46FC-9314-F89BE03AAA87}"
EndProject
Project("{2150E333-8FDC-42A3-9474-1A3956D46DE8}") = "src", "src", "{00FE1278-CE42-45D8-82BB-61CEB7066DC9}"
EndProject
Project("{2150E333-8FDC-42A3-9474-1A3956D46DE8}") = "tests", "tests", "{8BECEF9A-1861-4B4C-BC49-E1C6E3BBD810}"
EndProject
Project("{9A19103F-16F7-4668-BE54-9A1E7A4F7556}") = "Chama.API.Tests", "Chama.Tests\Chama.API.Tests.csproj", "{684DC740-1F63-4193-B239-1DF13E86C104}"
EndProject
Project("{9A19103F-16F7-4668-BE54-9A1E7A4F7556}") = "Chama.Core", "Chama.Core\Chama.Core.csproj", "{49689A8D-AD82-413E-899B-EA81D41D62C8}"
EndProject
Project("{9A19103F-16F7-4668-BE54-9A1E7A4F7556}") = "Chama.Infrastructure", "Chama.Infrastructure\Chama.Infrastructure.csproj", "{B41CFC1A-3FC2-4741-8EEE-9D3222C42C3E}"
EndProject
Project("{FAE04EC0-301F-11D3-BF4B-00C04F79EFBC}") = "Chama.Core.Tests", "Chama.Core.Tests\Chama.Core.Tests.csproj", "{6B548E78-3908-48CC-B27B-9A7A9D861873}"
EndProject
Project("{FAE04EC0-301F-11D3-BF4B-00C04F79EFBC}") = "Chama.Infrastructure.Tests", "Chama.Infrastructure.Tests\Chama.Infrastructure.Tests.csproj", "{FD6A3E5B-B4EA-42F8-BB65-867E2DF427F5}"
EndProject
Project("{FAE04EC0-301F-11D3-BF4B-00C04F79EFBC}") = "Chama.WorkerFunction", "Chama.WorkerFunction\Chama.WorkerFunction.csproj", "{CF08E78A-2E12-4BC8-8F64-CB3CAAE13A1E}"
EndProject
Global
	GlobalSection(SolutionConfigurationPlatforms) = preSolution
		Debug|Any CPU = Debug|Any CPU
		Release|Any CPU = Release|Any CPU
	EndGlobalSection
	GlobalSection(ProjectConfigurationPlatforms) = postSolution
		{778E47B0-0C2F-46FC-9314-F89BE03AAA87}.Debug|Any CPU.ActiveCfg = Debug|Any CPU
		{778E47B0-0C2F-46FC-9314-F89BE03AAA87}.Debug|Any CPU.Build.0 = Debug|Any CPU
		{778E47B0-0C2F-46FC-9314-F89BE03AAA87}.Release|Any CPU.ActiveCfg = Release|Any CPU
		{778E47B0-0C2F-46FC-9314-F89BE03AAA87}.Release|Any CPU.Build.0 = Release|Any CPU
		{684DC740-1F63-4193-B239-1DF13E86C104}.Debug|Any CPU.ActiveCfg = Debug|Any CPU
		{684DC740-1F63-4193-B239-1DF13E86C104}.Debug|Any CPU.Build.0 = Debug|Any CPU
		{684DC740-1F63-4193-B239-1DF13E86C104}.Release|Any CPU.ActiveCfg = Release|Any CPU
		{684DC740-1F63-4193-B239-1DF13E86C104}.Release|Any CPU.Build.0 = Release|Any CPU
		{49689A8D-AD82-413E-899B-EA81D41D62C8}.Debug|Any CPU.ActiveCfg = Debug|Any CPU
		{49689A8D-AD82-413E-899B-EA81D41D62C8}.Debug|Any CPU.Build.0 = Debug|Any CPU
		{49689A8D-AD82-413E-899B-EA81D41D62C8}.Release|Any CPU.ActiveCfg = Release|Any CPU
		{49689A8D-AD82-413E-899B-EA81D41D62C8}.Release|Any CPU.Build.0 = Release|Any CPU
		{B41CFC1A-3FC2-4741-8EEE-9D3222C42C3E}.Debug|Any CPU.ActiveCfg = Debug|Any CPU
		{B41CFC1A-3FC2-4741-8EEE-9D3222C42C3E}.Debug|Any CPU.Build.0 = Debug|Any CPU
		{B41CFC1A-3FC2-4741-8EEE-9D3222C42C3E}.Release|Any CPU.ActiveCfg = Release|Any CPU
		{B41CFC1A-3FC2-4741-8EEE-9D3222C42C3E}.Release|Any CPU.Build.0 = Release|Any CPU
		{6B548E78-3908-48CC-B27B-9A7A9D861873}.Debug|Any CPU.ActiveCfg = Debug|Any CPU
		{6B548E78-3908-48CC-B27B-9A7A9D861873}.Debug|Any CPU.Build.0 = Debug|Any CPU
		{6B548E78-3908-48CC-B27B-9A7A9D861873}.Release|Any CPU.ActiveCfg = Release|Any CPU
		{6B548E78-3908-48CC-B27B-9A7A9D861873}.Release|Any CPU.Build.0 = Release|Any CPU
		{FD6A3E5B-B4EA-42F8-BB65-867E2DF427F5}.Debug|Any CPU.ActiveCfg = Debug|Any CPU
		{FD6A3E5B-B4EA-42F8-BB65-867E2DF427F5}.Debug|Any CPU.Build.0 = Debug|Any CPU
		{FD6A3E5B-B4EA-42F8-BB65-867E2DF427F5}.Release|Any CPU.ActiveCfg = Release|Any CPU
		{FD6A3E5B-B4EA-42F8-BB65-867E2DF427F5}.Release|Any CPU.Build.0 = Release|Any CPU
		{CF08E78A-2E12-4BC8-8F64-CB3CAAE13A1E}.Debug|Any CPU.ActiveCfg = Debug|Any CPU
		{CF08E78A-2E12-4BC8-8F64-CB3CAAE13A1E}.Debug|Any CPU.Build.0 = Debug|Any CPU
		{CF08E78A-2E12-4BC8-8F64-CB3CAAE13A1E}.Release|Any CPU.ActiveCfg = Release|Any CPU
		{CF08E78A-2E12-4BC8-8F64-CB3CAAE13A1E}.Release|Any CPU.Build.0 = Release|Any CPU
	EndGlobalSection
	GlobalSection(SolutionProperties) = preSolution
		HideSolutionNode = FALSE
	EndGlobalSection
	GlobalSection(NestedProjects) = preSolution
		{778E47B0-0C2F-46FC-9314-F89BE03AAA87} = {00FE1278-CE42-45D8-82BB-61CEB7066DC9}
		{684DC740-1F63-4193-B239-1DF13E86C104} = {8BECEF9A-1861-4B4C-BC49-E1C6E3BBD810}
		{49689A8D-AD82-413E-899B-EA81D41D62C8} = {00FE1278-CE42-45D8-82BB-61CEB7066DC9}
		{B41CFC1A-3FC2-4741-8EEE-9D3222C42C3E} = {00FE1278-CE42-45D8-82BB-61CEB7066DC9}
		{6B548E78-3908-48CC-B27B-9A7A9D861873} = {8BECEF9A-1861-4B4C-BC49-E1C6E3BBD810}
		{FD6A3E5B-B4EA-42F8-BB65-867E2DF427F5} = {8BECEF9A-1861-4B4C-BC49-E1C6E3BBD810}
		{CF08E78A-2E12-4BC8-8F64-CB3CAAE13A1E} = {00FE1278-CE42-45D8-82BB-61CEB7066DC9}
	EndGlobalSection
	GlobalSection(ExtensibilityGlobals) = postSolution
		SolutionGuid = {624DEBF7-7FED-460C-AF9B-AAD027EFD942}
	EndGlobalSection
EndGlobal
